
Microsoft Visual Studio Solution File, Format Version 12.00
# Visual Studio Version 17
VisualStudioVersion = 17.9.34622.214
MinimumVisualStudioVersion = 10.0.40219.1
Project("{FAE04EC0-301F-11D3-BF4B-00C04F79EFBC}") = "CadParcial2Rcl", "CadParcial2Rcl\CadParcial2Rcl.csproj", "{BC0D222B-F171-4CA2-A0E8-A525458E03B2}"
EndProject
Project("{FAE04EC0-301F-11D3-BF4B-00C04F79EFBC}") = "ClnParcial2Rcl", "ClnParcial2Rcl\ClnParcial2Rcl.csproj", "{C5086BD4-1B3A-4DB8-AF9D-B8C965433C33}"
EndProject
Project("{FAE04EC0-301F-11D3-BF4B-00C04F79EFBC}") = "CpParcial2Rcl", "CpParcial2Rcl\CpParcial2Rcl.csproj", "{1ABAC9C4-5718-47D7-AAE2-42D8DF325C99}"
EndProject
Global
	GlobalSection(SolutionConfigurationPlatforms) = preSolution
		Debug|Any CPU = Debug|Any CPU
		Release|Any CPU = Release|Any CPU
	EndGlobalSection
	GlobalSection(ProjectConfigurationPlatforms) = postSolution
		{BC0D222B-F171-4CA2-A0E8-A525458E03B2}.Debug|Any CPU.ActiveCfg = Debug|Any CPU
		{BC0D222B-F171-4CA2-A0E8-A525458E03B2}.Debug|Any CPU.Build.0 = Debug|Any CPU
		{BC0D222B-F171-4CA2-A0E8-A525458E03B2}.Release|Any CPU.ActiveCfg = Release|Any CPU
		{BC0D222B-F171-4CA2-A0E8-A525458E03B2}.Release|Any CPU.Build.0 = Release|Any CPU
		{C5086BD4-1B3A-4DB8-AF9D-B8C965433C33}.Debug|Any CPU.ActiveCfg = Debug|Any CPU
		{C5086BD4-1B3A-4DB8-AF9D-B8C965433C33}.Debug|Any CPU.Build.0 = Debug|Any CPU
		{C5086BD4-1B3A-4DB8-AF9D-B8C965433C33}.Release|Any CPU.ActiveCfg = Release|Any CPU
		{C5086BD4-1B3A-4DB8-AF9D-B8C965433C33}.Release|Any CPU.Build.0 = Release|Any CPU
		{1ABAC9C4-5718-47D7-AAE2-42D8DF325C99}.Debug|Any CPU.ActiveCfg = Debug|Any CPU
		{1ABAC9C4-5718-47D7-AAE2-42D8DF325C99}.Debug|Any CPU.Build.0 = Debug|Any CPU
		{1ABAC9C4-5718-47D7-AAE2-42D8DF325C99}.Release|Any CPU.ActiveCfg = Release|Any CPU
		{1ABAC9C4-5718-47D7-AAE2-42D8DF325C99}.Release|Any CPU.Build.0 = Release|Any CPU
	EndGlobalSection
	GlobalSection(SolutionProperties) = preSolution
		HideSolutionNode = FALSE
	EndGlobalSection
	GlobalSection(ExtensibilityGlobals) = postSolution
		SolutionGuid = {DC5BD102-BAFC-422D-BF81-562649103729}
	EndGlobalSection
EndGlobal
